// !$*UTF8*$!
{
	archiveVersion = 1;
	classes = {
	};
	objectVersion = 52;
	objects = {

/* Begin PBXBuildFile section */
		555C13182620AF050051C2A8 /* ExampleApp.swift in Sources */ = {isa = PBXBuildFile; fileRef = 555C13172620AF050051C2A8 /* ExampleApp.swift */; };
		555C131A2620AF050051C2A8 /* MainView.swift in Sources */ = {isa = PBXBuildFile; fileRef = 555C13192620AF050051C2A8 /* MainView.swift */; };
		555C131C2620AF080051C2A8 /* Assets.xcassets in Resources */ = {isa = PBXBuildFile; fileRef = 555C131B2620AF080051C2A8 /* Assets.xcassets */; };
		555C131F2620AF080051C2A8 /* Preview Assets.xcassets in Resources */ = {isa = PBXBuildFile; fileRef = 555C131E2620AF080051C2A8 /* Preview Assets.xcassets */; };
		555C13292620B09C0051C2A8 /* LanguageManagerSwiftUI in Frameworks */ = {isa = PBXBuildFile; productRef = 555C13282620B09C0051C2A8 /* LanguageManagerSwiftUI */; };
		555C132F2620B2600051C2A8 /* Localizable.strings in Resources */ = {isa = PBXBuildFile; fileRef = 555C13312620B2600051C2A8 /* Localizable.strings */; };
		555C133A2620B4B00051C2A8 /* LangaugeView.swift in Sources */ = {isa = PBXBuildFile; fileRef = 555C13392620B4B00051C2A8 /* LangaugeView.swift */; };
		555C13412620B8C70051C2A8 /* SplashView.swift in Sources */ = {isa = PBXBuildFile; fileRef = 555C13402620B8C70051C2A8 /* SplashView.swift */; };
		555C13442620BB2E0051C2A8 /* AppView.swift in Sources */ = {isa = PBXBuildFile; fileRef = 555C13432620BB2E0051C2A8 /* AppView.swift */; };
		555C134B2620F6DB0051C2A8 /* AppButtonStyle.swift in Sources */ = {isa = PBXBuildFile; fileRef = 555C134A2620F6DB0051C2A8 /* AppButtonStyle.swift */; };
/* End PBXBuildFile section */

/* Begin PBXFileReference section */
		555C13142620AF050051C2A8 /* Example.app */ = {isa = PBXFileReference; explicitFileType = wrapper.application; includeInIndex = 0; path = Example.app; sourceTree = BUILT_PRODUCTS_DIR; };
		555C13172620AF050051C2A8 /* ExampleApp.swift */ = {isa = PBXFileReference; lastKnownFileType = sourcecode.swift; path = ExampleApp.swift; sourceTree = "<group>"; };
		555C13192620AF050051C2A8 /* MainView.swift */ = {isa = PBXFileReference; lastKnownFileType = sourcecode.swift; path = MainView.swift; sourceTree = "<group>"; };
		555C131B2620AF080051C2A8 /* Assets.xcassets */ = {isa = PBXFileReference; lastKnownFileType = folder.assetcatalog; path = Assets.xcassets; sourceTree = "<group>"; };
		555C131E2620AF080051C2A8 /* Preview Assets.xcassets */ = {isa = PBXFileReference; lastKnownFileType = folder.assetcatalog; path = "Preview Assets.xcassets"; sourceTree = "<group>"; };
		555C13202620AF080051C2A8 /* Info.plist */ = {isa = PBXFileReference; lastKnownFileType = text.plist.xml; path = Info.plist; sourceTree = "<group>"; };
		555C13302620B2600051C2A8 /* en */ = {isa = PBXFileReference; lastKnownFileType = text.plist.strings; name = en; path = en.lproj/Localizable.strings; sourceTree = "<group>"; };
		555C13332620B2630051C2A8 /* ar */ = {isa = PBXFileReference; lastKnownFileType = text.plist.strings; name = ar; path = ar.lproj/Localizable.strings; sourceTree = "<group>"; };
		555C13392620B4B00051C2A8 /* LangaugeView.swift */ = {isa = PBXFileReference; lastKnownFileType = sourcecode.swift; path = LangaugeView.swift; sourceTree = "<group>"; };
		555C13402620B8C70051C2A8 /* SplashView.swift */ = {isa = PBXFileReference; lastKnownFileType = sourcecode.swift; path = SplashView.swift; sourceTree = "<group>"; };
		555C13432620BB2E0051C2A8 /* AppView.swift */ = {isa = PBXFileReference; lastKnownFileType = sourcecode.swift; path = AppView.swift; sourceTree = "<group>"; };
		555C134A2620F6DB0051C2A8 /* AppButtonStyle.swift */ = {isa = PBXFileReference; lastKnownFileType = sourcecode.swift; path = AppButtonStyle.swift; sourceTree = "<group>"; };
/* End PBXFileReference section */

/* Begin PBXFrameworksBuildPhase section */
		555C13112620AF050051C2A8 /* Frameworks */ = {
			isa = PBXFrameworksBuildPhase;
			buildActionMask = 2147483647;
			files = (
				555C13292620B09C0051C2A8 /* LanguageManagerSwiftUI in Frameworks */,
			);
			runOnlyForDeploymentPostprocessing = 0;
		};
/* End PBXFrameworksBuildPhase section */

/* Begin PBXGroup section */
		555C130B2620AF050051C2A8 = {
			isa = PBXGroup;
			children = (
				555C13162620AF050051C2A8 /* Example */,
				555C13152620AF050051C2A8 /* Products */,
			);
			sourceTree = "<group>";
		};
		555C13152620AF050051C2A8 /* Products */ = {
			isa = PBXGroup;
			children = (
				555C13142620AF050051C2A8 /* Example.app */,
			);
			name = Products;
			sourceTree = "<group>";
		};
		555C13162620AF050051C2A8 /* Example */ = {
			isa = PBXGroup;
			children = (
				555C13172620AF050051C2A8 /* ExampleApp.swift */,
				555C133D2620B8780051C2A8 /* Views */,
				555C13472620F6A00051C2A8 /* Assets */,
				555C13492620F6CC0051C2A8 /* Styles */,
				555C13482620F6B10051C2A8 /* SupportFiles */,
				555C13202620AF080051C2A8 /* Info.plist */,
			);
			path = Example;
			sourceTree = "<group>";
		};
		555C131D2620AF080051C2A8 /* Preview Content */ = {
			isa = PBXGroup;
			children = (
				555C131E2620AF080051C2A8 /* Preview Assets.xcassets */,
			);
			path = "Preview Content";
			sourceTree = "<group>";
		};
		555C133D2620B8780051C2A8 /* Views */ = {
			isa = PBXGroup;
			children = (
				555C13432620BB2E0051C2A8 /* AppView.swift */,
				555C13402620B8C70051C2A8 /* SplashView.swift */,
				555C13192620AF050051C2A8 /* MainView.swift */,
				555C13392620B4B00051C2A8 /* LangaugeView.swift */,
			);
			path = Views;
			sourceTree = "<group>";
		};
		555C13472620F6A00051C2A8 /* Assets */ = {
			isa = PBXGroup;
			children = (
				555C13312620B2600051C2A8 /* Localizable.strings */,
				555C131B2620AF080051C2A8 /* Assets.xcassets */,
			);
			path = Assets;
			sourceTree = "<group>";
		};
		555C13482620F6B10051C2A8 /* SupportFiles */ = {
			isa = PBXGroup;
			children = (
				555C131D2620AF080051C2A8 /* Preview Content */,
			);
			path = SupportFiles;
			sourceTree = "<group>";
		};
		555C13492620F6CC0051C2A8 /* Styles */ = {
			isa = PBXGroup;
			children = (
				555C134A2620F6DB0051C2A8 /* AppButtonStyle.swift */,
			);
			path = Styles;
			sourceTree = "<group>";
		};
/* End PBXGroup section */

/* Begin PBXNativeTarget section */
		555C13132620AF050051C2A8 /* Example */ = {
			isa = PBXNativeTarget;
			buildConfigurationList = 555C13232620AF080051C2A8 /* Build configuration list for PBXNativeTarget "Example" */;
			buildPhases = (
				555C13102620AF050051C2A8 /* Sources */,
				555C13112620AF050051C2A8 /* Frameworks */,
				555C13122620AF050051C2A8 /* Resources */,
			);
			buildRules = (
			);
			dependencies = (
			);
			name = Example;
			packageProductDependencies = (
				555C13282620B09C0051C2A8 /* LanguageManagerSwiftUI */,
			);
			productName = Example;
			productReference = 555C13142620AF050051C2A8 /* Example.app */;
			productType = "com.apple.product-type.application";
		};
/* End PBXNativeTarget section */

/* Begin PBXProject section */
		555C130C2620AF050051C2A8 /* Project object */ = {
			isa = PBXProject;
			attributes = {
				LastSwiftUpdateCheck = 1240;
				LastUpgradeCheck = 1310;
				TargetAttributes = {
					555C13132620AF050051C2A8 = {
						CreatedOnToolsVersion = 12.4;
					};
				};
			};
			buildConfigurationList = 555C130F2620AF050051C2A8 /* Build configuration list for PBXProject "Example" */;
			compatibilityVersion = "Xcode 9.3";
			developmentRegion = en;
			hasScannedForEncodings = 0;
			knownRegions = (
				en,
				Base,
				ar,
			);
			mainGroup = 555C130B2620AF050051C2A8;
			packageReferences = (
				555C13272620B09C0051C2A8 /* XCRemoteSwiftPackageReference "LanguageManager-SwiftUI" */,
			);
			productRefGroup = 555C13152620AF050051C2A8 /* Products */;
			projectDirPath = "";
			projectRoot = "";
			targets = (
				555C13132620AF050051C2A8 /* Example */,
			);
		};
/* End PBXProject section */

/* Begin PBXResourcesBuildPhase section */
		555C13122620AF050051C2A8 /* Resources */ = {
			isa = PBXResourcesBuildPhase;
			buildActionMask = 2147483647;
			files = (
				555C131F2620AF080051C2A8 /* Preview Assets.xcassets in Resources */,
				555C132F2620B2600051C2A8 /* Localizable.strings in Resources */,
				555C131C2620AF080051C2A8 /* Assets.xcassets in Resources */,
			);
			runOnlyForDeploymentPostprocessing = 0;
		};
/* End PBXResourcesBuildPhase section */

/* Begin PBXSourcesBuildPhase section */
		555C13102620AF050051C2A8 /* Sources */ = {
			isa = PBXSourcesBuildPhase;
			buildActionMask = 2147483647;
			files = (
				555C131A2620AF050051C2A8 /* MainView.swift in Sources */,
				555C13412620B8C70051C2A8 /* SplashView.swift in Sources */,
				555C133A2620B4B00051C2A8 /* LangaugeView.swift in Sources */,
				555C134B2620F6DB0051C2A8 /* AppButtonStyle.swift in Sources */,
				555C13442620BB2E0051C2A8 /* AppView.swift in Sources */,
				555C13182620AF050051C2A8 /* ExampleApp.swift in Sources */,
			);
			runOnlyForDeploymentPostprocessing = 0;
		};
/* End PBXSourcesBuildPhase section */

/* Begin PBXVariantGroup section */
		555C13312620B2600051C2A8 /* Localizable.strings */ = {
			isa = PBXVariantGroup;
			children = (
				555C13302620B2600051C2A8 /* en */,
				555C13332620B2630051C2A8 /* ar */,
			);
			name = Localizable.strings;
			sourceTree = "<group>";
		};
/* End PBXVariantGroup section */

/* Begin XCBuildConfiguration section */
		555C13212620AF080051C2A8 /* Debug */ = {
			isa = XCBuildConfiguration;
			buildSettings = {
				ALWAYS_SEARCH_USER_PATHS = NO;
				CLANG_ANALYZER_LOCALIZABILITY_NONLOCALIZED = YES;
				CLANG_ANALYZER_NONNULL = YES;
				CLANG_ANALYZER_NUMBER_OBJECT_CONVERSION = YES_AGGRESSIVE;
				CLANG_CXX_LANGUAGE_STANDARD = "gnu++14";
				CLANG_CXX_LIBRARY = "libc++";
				CLANG_ENABLE_MODULES = YES;
				CLANG_ENABLE_OBJC_ARC = YES;
				CLANG_ENABLE_OBJC_WEAK = YES;
				CLANG_WARN_BLOCK_CAPTURE_AUTORELEASING = YES;
				CLANG_WARN_BOOL_CONVERSION = YES;
				CLANG_WARN_COMMA = YES;
				CLANG_WARN_CONSTANT_CONVERSION = YES;
				CLANG_WARN_DEPRECATED_OBJC_IMPLEMENTATIONS = YES;
				CLANG_WARN_DIRECT_OBJC_ISA_USAGE = YES_ERROR;
				CLANG_WARN_DOCUMENTATION_COMMENTS = YES;
				CLANG_WARN_EMPTY_BODY = YES;
				CLANG_WARN_ENUM_CONVERSION = YES;
				CLANG_WARN_INFINITE_RECURSION = YES;
				CLANG_WARN_INT_CONVERSION = YES;
				CLANG_WARN_NON_LITERAL_NULL_CONVERSION = YES;
				CLANG_WARN_OBJC_IMPLICIT_RETAIN_SELF = YES;
				CLANG_WARN_OBJC_LITERAL_CONVERSION = YES;
				CLANG_WARN_OBJC_ROOT_CLASS = YES_ERROR;
				CLANG_WARN_QUOTED_INCLUDE_IN_FRAMEWORK_HEADER = YES;
				CLANG_WARN_RANGE_LOOP_ANALYSIS = YES;
				CLANG_WARN_STRICT_PROTOTYPES = YES;
				CLANG_WARN_SUSPICIOUS_MOVE = YES;
				CLANG_WARN_UNGUARDED_AVAILABILITY = YES_AGGRESSIVE;
				CLANG_WARN_UNREACHABLE_CODE = YES;
				CLANG_WARN__DUPLICATE_METHOD_MATCH = YES;
				COPY_PHASE_STRIP = NO;
				DEBUG_INFORMATION_FORMAT = dwarf;
				ENABLE_STRICT_OBJC_MSGSEND = YES;
				ENABLE_TESTABILITY = YES;
				GCC_C_LANGUAGE_STANDARD = gnu11;
				GCC_DYNAMIC_NO_PIC = NO;
				GCC_NO_COMMON_BLOCKS = YES;
				GCC_OPTIMIZATION_LEVEL = 0;
				GCC_PREPROCESSOR_DEFINITIONS = (
					"DEBUG=1",
					"$(inherited)",
				);
				GCC_WARN_64_TO_32_BIT_CONVERSION = YES;
				GCC_WARN_ABOUT_RETURN_TYPE = YES_ERROR;
				GCC_WARN_UNDECLARED_SELECTOR = YES;
				GCC_WARN_UNINITIALIZED_AUTOS = YES_AGGRESSIVE;
				GCC_WARN_UNUSED_FUNCTION = YES;
				GCC_WARN_UNUSED_VARIABLE = YES;
				IPHONEOS_DEPLOYMENT_TARGET = 14.4;
				MTL_ENABLE_DEBUG_INFO = INCLUDE_SOURCE;
				MTL_FAST_MATH = YES;
				ONLY_ACTIVE_ARCH = YES;
				SDKROOT = iphoneos;
				SWIFT_ACTIVE_COMPILATION_CONDITIONS = DEBUG;
				SWIFT_OPTIMIZATION_LEVEL = "-Onone";
			};
			name = Debug;
		};
		555C13222620AF080051C2A8 /* Release */ = {
			isa = XCBuildConfiguration;
			buildSettings = {
				ALWAYS_SEARCH_USER_PATHS = NO;
				CLANG_ANALYZER_LOCALIZABILITY_NONLOCALIZED = YES;
				CLANG_ANALYZER_NONNULL = YES;
				CLANG_ANALYZER_NUMBER_OBJECT_CONVERSION = YES_AGGRESSIVE;
				CLANG_CXX_LANGUAGE_STANDARD = "gnu++14";
				CLANG_CXX_LIBRARY = "libc++";
				CLANG_ENABLE_MODULES = YES;
				CLANG_ENABLE_OBJC_ARC = YES;
				CLANG_ENABLE_OBJC_WEAK = YES;
				CLANG_WARN_BLOCK_CAPTURE_AUTORELEASING = YES;
				CLANG_WARN_BOOL_CONVERSION = YES;
				CLANG_WARN_COMMA = YES;
				CLANG_WARN_CONSTANT_CONVERSION = YES;
				CLANG_WARN_DEPRECATED_OBJC_IMPLEMENTATIONS = YES;
				CLANG_WARN_DIRECT_OBJC_ISA_USAGE = YES_ERROR;
				CLANG_WARN_DOCUMENTATION_COMMENTS = YES;
				CLANG_WARN_EMPTY_BODY = YES;
				CLANG_WARN_ENUM_CONVERSION = YES;
				CLANG_WARN_INFINITE_RECURSION = YES;
				CLANG_WARN_INT_CONVERSION = YES;
				CLANG_WARN_NON_LITERAL_NULL_CONVERSION = YES;
				CLANG_WARN_OBJC_IMPLICIT_RETAIN_SELF = YES;
				CLANG_WARN_OBJC_LITERAL_CONVERSION = YES;
				CLANG_WARN_OBJC_ROOT_CLASS = YES_ERROR;
				CLANG_WARN_QUOTED_INCLUDE_IN_FRAMEWORK_HEADER = YES;
				CLANG_WARN_RANGE_LOOP_ANALYSIS = YES;
				CLANG_WARN_STRICT_PROTOTYPES = YES;
				CLANG_WARN_SUSPICIOUS_MOVE = YES;
				CLANG_WARN_UNGUARDED_AVAILABILITY = YES_AGGRESSIVE;
				CLANG_WARN_UNREACHABLE_CODE = YES;
				CLANG_WARN__DUPLICATE_METHOD_MATCH = YES;
				COPY_PHASE_STRIP = NO;
				DEBUG_INFORMATION_FORMAT = "dwarf-with-dsym";
				ENABLE_NS_ASSERTIONS = NO;
				ENABLE_STRICT_OBJC_MSGSEND = YES;
				GCC_C_LANGUAGE_STANDARD = gnu11;
				GCC_NO_COMMON_BLOCKS = YES;
				GCC_WARN_64_TO_32_BIT_CONVERSION = YES;
				GCC_WARN_ABOUT_RETURN_TYPE = YES_ERROR;
				GCC_WARN_UNDECLARED_SELECTOR = YES;
				GCC_WARN_UNINITIALIZED_AUTOS = YES_AGGRESSIVE;
				GCC_WARN_UNUSED_FUNCTION = YES;
				GCC_WARN_UNUSED_VARIABLE = YES;
				IPHONEOS_DEPLOYMENT_TARGET = 14.4;
				MTL_ENABLE_DEBUG_INFO = NO;
				MTL_FAST_MATH = YES;
				SDKROOT = iphoneos;
				SWIFT_COMPILATION_MODE = wholemodule;
				SWIFT_OPTIMIZATION_LEVEL = "-O";
				VALIDATE_PRODUCT = YES;
			};
			name = Release;
		};
		555C13242620AF080051C2A8 /* Debug */ = {
			isa = XCBuildConfiguration;
			buildSettings = {
				ASSETCATALOG_COMPILER_APPICON_NAME = AppIcon;
				ASSETCATALOG_COMPILER_GLOBAL_ACCENT_COLOR_NAME = AccentColor;
				CODE_SIGN_STYLE = Automatic;
				DEVELOPMENT_ASSET_PATHS = "\"Example/SupportFiles/Preview Content\"";
				ENABLE_PREVIEWS = YES;
				INFOPLIST_FILE = Example/Info.plist;
				IPHONEOS_DEPLOYMENT_TARGET = 14.0;
				LD_RUNPATH_SEARCH_PATHS = (
					"$(inherited)",
					"@executable_path/Frameworks",
				);
				PRODUCT_BUNDLE_IDENTIFIER = com.abedalkareem.Example;
				PRODUCT_NAME = "$(TARGET_NAME)";
				SWIFT_VERSION = 5.0;
				TARGETED_DEVICE_FAMILY = "1,2";
			};
			name = Debug;
		};
		555C13252620AF080051C2A8 /* Release */ = {
			isa = XCBuildConfiguration;
			buildSettings = {
				ASSETCATALOG_COMPILER_APPICON_NAME = AppIcon;
				ASSETCATALOG_COMPILER_GLOBAL_ACCENT_COLOR_NAME = AccentColor;
				CODE_SIGN_STYLE = Automatic;
				DEVELOPMENT_ASSET_PATHS = "\"Example/SupportFiles/Preview Content\"";
				ENABLE_PREVIEWS = YES;
				INFOPLIST_FILE = Example/Info.plist;
				IPHONEOS_DEPLOYMENT_TARGET = 14.0;
				LD_RUNPATH_SEARCH_PATHS = (
					"$(inherited)",
					"@executable_path/Frameworks",
				);
				PRODUCT_BUNDLE_IDENTIFIER = com.abedalkareem.Example;
				PRODUCT_NAME = "$(TARGET_NAME)";
				SWIFT_VERSION = 5.0;
				TARGETED_DEVICE_FAMILY = "1,2";
			};
			name = Release;
		};
/* End XCBuildConfiguration section */

/* Begin XCConfigurationList section */
		555C130F2620AF050051C2A8 /* Build configuration list for PBXProject "Example" */ = {
			isa = XCConfigurationList;
			buildConfigurations = (
				555C13212620AF080051C2A8 /* Debug */,
				555C13222620AF080051C2A8 /* Release */,
			);
			defaultConfigurationIsVisible = 0;
			defaultConfigurationName = Release;
		};
		555C13232620AF080051C2A8 /* Build configuration list for PBXNativeTarget "Example" */ = {
			isa = XCConfigurationList;
			buildConfigurations = (
				555C13242620AF080051C2A8 /* Debug */,
				555C13252620AF080051C2A8 /* Release */,
			);
			defaultConfigurationIsVisible = 0;
			defaultConfigurationName = Release;
		};
/* End XCConfigurationList section */

/* Begin XCRemoteSwiftPackageReference section */
		555C13272620B09C0051C2A8 /* XCRemoteSwiftPackageReference "LanguageManager-SwiftUI" */ = {
			isa = XCRemoteSwiftPackageReference;
			repositoryURL = "https://github.com/Abedalkareem/LanguageManager-SwiftUI";
			requirement = {
				kind = upToNextMajorVersion;
				minimumVersion = 0.0.1;
			};
		};
/* End XCRemoteSwiftPackageReference section */

/* Begin XCSwiftPackageProductDependency section */
		555C13282620B09C0051C2A8 /* LanguageManagerSwiftUI */ = {
			isa = XCSwiftPackageProductDependency;
			package = 555C13272620B09C0051C2A8 /* XCRemoteSwiftPackageReference "LanguageManager-SwiftUI" */;
			productName = LanguageManagerSwiftUI;
		};
/* End XCSwiftPackageProductDependency section */
	};
	rootObject = 555C130C2620AF050051C2A8 /* Project object */;
}
