{
  "object": {
    "pins": [
      {
        "package": "LanguageManagerSwiftUI",
        "repositoryURL": "https://github.com/Abedalkareem/LanguageManager-SwiftUI",
        "state": {
          "branch": null,
          "revision": "30b75f903ee5d719c5d99f14f9d9b693b05743c6",
          "version": "0.0.3"
        }
      }
    ]
  },
  "version": 1
}
