{
  "object": {
    "pins": [
      {
        "package": "LanguageManagerSwiftUI",
        "repositoryURL": "https://github.com/Abedalkareem/LanguageManager-SwiftUI",
        "state": {
          "branch": null,
          "revision": "d06d0db8db0100a444799a5f964e67fffee7f26a",
          "version": "0.0.2"
        }
      }
    ]
  },
  "version": 1
}
