{
  "object": {
    "pins": [
      {
        "package": "LanguageManagerSwiftUI",
        "repositoryURL": "https://github.com/Abedalkareem/LanguageManager-SwiftUI",
        "state": {
          "branch": null,
          "revision": "103e71cc8dc26b93f56af8392fbe57d23106d775",
          "version": "0.0.1"
        }
      }
    ]
  },
  "version": 1
}
